
Microsoft Visual Studio Solution File, Format Version 11.00
# Visual Studio 2010
Project("{FAE04EC0-301F-11D3-BF4B-00C04F79EFBC}") = "DataConnectionComponent", "DataConnectionComponent\DataConnectionComponent.csproj", "{EF3FE408-8ECA-4269-AB85-0FC74DAC07A3}"
EndProject
Project("{FAE04EC0-301F-11D3-BF4B-00C04F79EFBC}") = "BussinesEntities", "BussinesEntities\BussinesEntities.csproj", "{B753D68B-F582-40B6-895B-A0D5EB195C3E}"
EndProject
Project("{FAE04EC0-301F-11D3-BF4B-00C04F79EFBC}") = "BussinesLogicLayer", "BussinesLogicLayer\BussinesLogicLayer.csproj", "{511DA525-F7DE-459A-A1A3-18853D4C7A32}"
EndProject
Project("{FAE04EC0-301F-11D3-BF4B-00C04F79EFBC}") = "DataAccessLayer", "DataAccessLayer\DataAccessLayer.csproj", "{17EA52C0-4DF0-4407-AB3D-6FD886D9701A}"
EndProject
Project("{FAE04EC0-301F-11D3-BF4B-00C04F79EFBC}") = "WebSv", "WebSv\WebSv.csproj", "{8ACEB43E-FD23-4ECE-B8BF-6265F27698E8}"
EndProject
Global
	GlobalSection(SolutionConfigurationPlatforms) = preSolution
		Debug|Any CPU = Debug|Any CPU
		Debug|Mixed Platforms = Debug|Mixed Platforms
		Debug|x64 = Debug|x64
		Debug|x86 = Debug|x86
		Release|Any CPU = Release|Any CPU
		Release|Mixed Platforms = Release|Mixed Platforms
		Release|x64 = Release|x64
		Release|x86 = Release|x86
	EndGlobalSection
	GlobalSection(ProjectConfigurationPlatforms) = postSolution
		{EF3FE408-8ECA-4269-AB85-0FC74DAC07A3}.Debug|Any CPU.ActiveCfg = Debug|Any CPU
		{EF3FE408-8ECA-4269-AB85-0FC74DAC07A3}.Debug|Any CPU.Build.0 = Debug|Any CPU
		{EF3FE408-8ECA-4269-AB85-0FC74DAC07A3}.Debug|Mixed Platforms.ActiveCfg = Debug|Any CPU
		{EF3FE408-8ECA-4269-AB85-0FC74DAC07A3}.Debug|Mixed Platforms.Build.0 = Debug|Any CPU
		{EF3FE408-8ECA-4269-AB85-0FC74DAC07A3}.Debug|x64.ActiveCfg = Debug|Any CPU
		{EF3FE408-8ECA-4269-AB85-0FC74DAC07A3}.Debug|x86.ActiveCfg = Debug|Any CPU
		{EF3FE408-8ECA-4269-AB85-0FC74DAC07A3}.Release|Any CPU.ActiveCfg = Release|Any CPU
		{EF3FE408-8ECA-4269-AB85-0FC74DAC07A3}.Release|Any CPU.Build.0 = Release|Any CPU
		{EF3FE408-8ECA-4269-AB85-0FC74DAC07A3}.Release|Mixed Platforms.ActiveCfg = Release|Any CPU
		{EF3FE408-8ECA-4269-AB85-0FC74DAC07A3}.Release|Mixed Platforms.Build.0 = Release|Any CPU
		{EF3FE408-8ECA-4269-AB85-0FC74DAC07A3}.Release|x64.ActiveCfg = Release|Any CPU
		{EF3FE408-8ECA-4269-AB85-0FC74DAC07A3}.Release|x64.Build.0 = Release|Any CPU
		{EF3FE408-8ECA-4269-AB85-0FC74DAC07A3}.Release|x86.ActiveCfg = Release|Any CPU
		{B753D68B-F582-40B6-895B-A0D5EB195C3E}.Debug|Any CPU.ActiveCfg = Debug|Any CPU
		{B753D68B-F582-40B6-895B-A0D5EB195C3E}.Debug|Any CPU.Build.0 = Debug|Any CPU
		{B753D68B-F582-40B6-895B-A0D5EB195C3E}.Debug|Mixed Platforms.ActiveCfg = Debug|Any CPU
		{B753D68B-F582-40B6-895B-A0D5EB195C3E}.Debug|Mixed Platforms.Build.0 = Debug|Any CPU
		{B753D68B-F582-40B6-895B-A0D5EB195C3E}.Debug|x64.ActiveCfg = Debug|Any CPU
		{B753D68B-F582-40B6-895B-A0D5EB195C3E}.Debug|x86.ActiveCfg = Debug|Any CPU
		{B753D68B-F582-40B6-895B-A0D5EB195C3E}.Release|Any CPU.ActiveCfg = Release|Any CPU
		{B753D68B-F582-40B6-895B-A0D5EB195C3E}.Release|Any CPU.Build.0 = Release|Any CPU
		{B753D68B-F582-40B6-895B-A0D5EB195C3E}.Release|Mixed Platforms.ActiveCfg = Release|Any CPU
		{B753D68B-F582-40B6-895B-A0D5EB195C3E}.Release|Mixed Platforms.Build.0 = Release|Any CPU
		{B753D68B-F582-40B6-895B-A0D5EB195C3E}.Release|x64.ActiveCfg = Release|Any CPU
		{B753D68B-F582-40B6-895B-A0D5EB195C3E}.Release|x64.Build.0 = Release|Any CPU
		{B753D68B-F582-40B6-895B-A0D5EB195C3E}.Release|x86.ActiveCfg = Release|Any CPU
		{511DA525-F7DE-459A-A1A3-18853D4C7A32}.Debug|Any CPU.ActiveCfg = Debug|Any CPU
		{511DA525-F7DE-459A-A1A3-18853D4C7A32}.Debug|Any CPU.Build.0 = Debug|Any CPU
		{511DA525-F7DE-459A-A1A3-18853D4C7A32}.Debug|Mixed Platforms.ActiveCfg = Debug|Any CPU
		{511DA525-F7DE-459A-A1A3-18853D4C7A32}.Debug|Mixed Platforms.Build.0 = Debug|Any CPU
		{511DA525-F7DE-459A-A1A3-18853D4C7A32}.Debug|x64.ActiveCfg = Debug|Any CPU
		{511DA525-F7DE-459A-A1A3-18853D4C7A32}.Debug|x86.ActiveCfg = Debug|Any CPU
		{511DA525-F7DE-459A-A1A3-18853D4C7A32}.Release|Any CPU.ActiveCfg = Release|Any CPU
		{511DA525-F7DE-459A-A1A3-18853D4C7A32}.Release|Any CPU.Build.0 = Release|Any CPU
		{511DA525-F7DE-459A-A1A3-18853D4C7A32}.Release|Mixed Platforms.ActiveCfg = Release|Any CPU
		{511DA525-F7DE-459A-A1A3-18853D4C7A32}.Release|Mixed Platforms.Build.0 = Release|Any CPU
		{511DA525-F7DE-459A-A1A3-18853D4C7A32}.Release|x64.ActiveCfg = Release|Any CPU
		{511DA525-F7DE-459A-A1A3-18853D4C7A32}.Release|x64.Build.0 = Release|Any CPU
		{511DA525-F7DE-459A-A1A3-18853D4C7A32}.Release|x86.ActiveCfg = Release|Any CPU
		{17EA52C0-4DF0-4407-AB3D-6FD886D9701A}.Debug|Any CPU.ActiveCfg = Debug|Any CPU
		{17EA52C0-4DF0-4407-AB3D-6FD886D9701A}.Debug|Any CPU.Build.0 = Debug|Any CPU
		{17EA52C0-4DF0-4407-AB3D-6FD886D9701A}.Debug|Mixed Platforms.ActiveCfg = Debug|Any CPU
		{17EA52C0-4DF0-4407-AB3D-6FD886D9701A}.Debug|Mixed Platforms.Build.0 = Debug|Any CPU
		{17EA52C0-4DF0-4407-AB3D-6FD886D9701A}.Debug|x64.ActiveCfg = Debug|Any CPU
		{17EA52C0-4DF0-4407-AB3D-6FD886D9701A}.Debug|x86.ActiveCfg = Debug|Any CPU
		{17EA52C0-4DF0-4407-AB3D-6FD886D9701A}.Release|Any CPU.ActiveCfg = Release|Any CPU
		{17EA52C0-4DF0-4407-AB3D-6FD886D9701A}.Release|Any CPU.Build.0 = Release|Any CPU
		{17EA52C0-4DF0-4407-AB3D-6FD886D9701A}.Release|Mixed Platforms.ActiveCfg = Release|Any CPU
		{17EA52C0-4DF0-4407-AB3D-6FD886D9701A}.Release|Mixed Platforms.Build.0 = Release|Any CPU
		{17EA52C0-4DF0-4407-AB3D-6FD886D9701A}.Release|x64.ActiveCfg = Release|Any CPU
		{17EA52C0-4DF0-4407-AB3D-6FD886D9701A}.Release|x64.Build.0 = Release|Any CPU
		{17EA52C0-4DF0-4407-AB3D-6FD886D9701A}.Release|x86.ActiveCfg = Release|Any CPU
		{8ACEB43E-FD23-4ECE-B8BF-6265F27698E8}.Debug|Any CPU.ActiveCfg = Debug|Any CPU
		{8ACEB43E-FD23-4ECE-B8BF-6265F27698E8}.Debug|Any CPU.Build.0 = Debug|Any CPU
		{8ACEB43E-FD23-4ECE-B8BF-6265F27698E8}.Debug|Mixed Platforms.ActiveCfg = Debug|Any CPU
		{8ACEB43E-FD23-4ECE-B8BF-6265F27698E8}.Debug|Mixed Platforms.Build.0 = Debug|Any CPU
		{8ACEB43E-FD23-4ECE-B8BF-6265F27698E8}.Debug|x64.ActiveCfg = Debug|Any CPU
		{8ACEB43E-FD23-4ECE-B8BF-6265F27698E8}.Debug|x86.ActiveCfg = Debug|Any CPU
		{8ACEB43E-FD23-4ECE-B8BF-6265F27698E8}.Release|Any CPU.ActiveCfg = Release|Any CPU
		{8ACEB43E-FD23-4ECE-B8BF-6265F27698E8}.Release|Any CPU.Build.0 = Release|Any CPU
		{8ACEB43E-FD23-4ECE-B8BF-6265F27698E8}.Release|Mixed Platforms.ActiveCfg = Release|Any CPU
		{8ACEB43E-FD23-4ECE-B8BF-6265F27698E8}.Release|Mixed Platforms.Build.0 = Release|Any CPU
		{8ACEB43E-FD23-4ECE-B8BF-6265F27698E8}.Release|x64.ActiveCfg = Release|Any CPU
		{8ACEB43E-FD23-4ECE-B8BF-6265F27698E8}.Release|x86.ActiveCfg = Release|Any CPU
	EndGlobalSection
	GlobalSection(SolutionProperties) = preSolution
		HideSolutionNode = FALSE
	EndGlobalSection
EndGlobal
