
Microsoft Visual Studio Solution File, Format Version 10.00
# Visual Studio 2008
Project("{F14B399A-7131-4C87-9E4B-1186C45EF12D}") = "Report GTH", "Report GTH.rptproj", "{61458BD8-0B52-496C-823B-6D6166AEB525}"
EndProject
Global
	GlobalSection(SolutionConfigurationPlatforms) = preSolution
		Debug|Default = Debug|Default
		DebugLocal|Default = DebugLocal|Default
		Release|Default = Release|Default
	EndGlobalSection
	GlobalSection(ProjectConfigurationPlatforms) = postSolution
		{61458BD8-0B52-496C-823B-6D6166AEB525}.Debug|Default.ActiveCfg = Debug
		{61458BD8-0B52-496C-823B-6D6166AEB525}.Debug|Default.Build.0 = DebugLocal
		{61458BD8-0B52-496C-823B-6D6166AEB525}.Debug|Default.Deploy.0 = DebugLocal
		{61458BD8-0B52-496C-823B-6D6166AEB525}.DebugLocal|Default.ActiveCfg = DebugLocal
		{61458BD8-0B52-496C-823B-6D6166AEB525}.DebugLocal|Default.Build.0 = DebugLocal
		{61458BD8-0B52-496C-823B-6D6166AEB525}.DebugLocal|Default.Deploy.0 = DebugLocal
		{61458BD8-0B52-496C-823B-6D6166AEB525}.Release|Default.ActiveCfg = Release
		{61458BD8-0B52-496C-823B-6D6166AEB525}.Release|Default.Build.0 = Release
		{61458BD8-0B52-496C-823B-6D6166AEB525}.Release|Default.Deploy.0 = Release
	EndGlobalSection
	GlobalSection(SolutionProperties) = preSolution
		HideSolutionNode = FALSE
	EndGlobalSection
EndGlobal
